
Microsoft Visual Studio Solution File, Format Version 12.00
# Visual Studio Version 17
VisualStudioVersion = 17.4.33213.308
MinimumVisualStudioVersion = 10.0.40219.1
Project("{9A19103F-16F7-4668-BE54-9A1E7A4F7556}") = "EmployeeISBlazer", "EmployeeISClient\EmployeeISBlazer.csproj", "{A48406EE-DE0C-4B9B-9B80-D2C285AC48F2}"
EndProject
Project("{9A19103F-16F7-4668-BE54-9A1E7A4F7556}") = "EmployeeInformationSystemApi", "..\EmployeeISServerApi\EmployeeInformationSystemApi.csproj", "{0B21B18A-37F3-4DDB-9DF5-4DFD75DCC527}"
EndProject
Global
	GlobalSection(SolutionConfigurationPlatforms) = preSolution
		Debug|Any CPU = Debug|Any CPU
		Release|Any CPU = Release|Any CPU
	EndGlobalSection
	GlobalSection(ProjectConfigurationPlatforms) = postSolution
		{A48406EE-DE0C-4B9B-9B80-D2C285AC48F2}.Debug|Any CPU.ActiveCfg = Debug|Any CPU
		{A48406EE-DE0C-4B9B-9B80-D2C285AC48F2}.Debug|Any CPU.Build.0 = Debug|Any CPU
		{A48406EE-DE0C-4B9B-9B80-D2C285AC48F2}.Release|Any CPU.ActiveCfg = Release|Any CPU
		{A48406EE-DE0C-4B9B-9B80-D2C285AC48F2}.Release|Any CPU.Build.0 = Release|Any CPU
		{0B21B18A-37F3-4DDB-9DF5-4DFD75DCC527}.Debug|Any CPU.ActiveCfg = Debug|Any CPU
		{0B21B18A-37F3-4DDB-9DF5-4DFD75DCC527}.Debug|Any CPU.Build.0 = Debug|Any CPU
		{0B21B18A-37F3-4DDB-9DF5-4DFD75DCC527}.Release|Any CPU.ActiveCfg = Release|Any CPU
		{0B21B18A-37F3-4DDB-9DF5-4DFD75DCC527}.Release|Any CPU.Build.0 = Release|Any CPU
	EndGlobalSection
	GlobalSection(SolutionProperties) = preSolution
		HideSolutionNode = FALSE
	EndGlobalSection
	GlobalSection(ExtensibilityGlobals) = postSolution
		SolutionGuid = {3F9919AE-FFB6-4BDE-981F-8BFAD8D2824E}
	EndGlobalSection
EndGlobal
